
Microsoft Visual Studio Solution File, Format Version 12.00
# Visual Studio Version 17
VisualStudioVersion = 17.4.33205.214
MinimumVisualStudioVersion = 10.0.40219.1
Project("{888888A0-9F3D-457C-B088-3A5042F75D52}") = "ИспользованиециклаWHILEcусловием_gluhhov_luca", "ИспользованиециклаWHILEcусловием_gluhhov_luca.pyproj", "{0C2A7B65-7B41-4FDD-8F6F-CEA0D2200510}"
EndProject
Global
	GlobalSection(SolutionConfigurationPlatforms) = preSolution
		Debug|Any CPU = Debug|Any CPU
		Release|Any CPU = Release|Any CPU
	EndGlobalSection
	GlobalSection(ProjectConfigurationPlatforms) = postSolution
		{0C2A7B65-7B41-4FDD-8F6F-CEA0D2200510}.Debug|Any CPU.ActiveCfg = Debug|Any CPU
		{0C2A7B65-7B41-4FDD-8F6F-CEA0D2200510}.Release|Any CPU.ActiveCfg = Release|Any CPU
	EndGlobalSection
	GlobalSection(SolutionProperties) = preSolution
		HideSolutionNode = FALSE
	EndGlobalSection
	GlobalSection(ExtensibilityGlobals) = postSolution
		SolutionGuid = {425744CE-D948-4811-A892-DD64212706B0}
	EndGlobalSection
EndGlobal
